{
  "name": "excalicon",
  "version": "1.0.0",
  "lockfileVersion": 3,
  "requires": true,
  "packages": {
    "": {
      "name": "excalicon",
      "version": "1.0.0",
      "license": "MIT",
      "dependencies": {
        "@material-symbols/svg-400": "^0.44.10"
      }
    },
    "node_modules/@material-symbols/svg-400": {
      "version": "0.44.10",
      "resolved": "https://registry.npmjs.org/@material-symbols/svg-400/-/svg-400-0.44.10.tgz",
      "integrity": "sha512-GYm0ojhaMGWTLzSj45eflZd3kOplXaFL/87Dqbz9+yhUQctHNIPHlanBPPmIrF87Eg3PY+spov+i8+tCUP2zjw==",
      "license": "Apache-2.0"
    }
  }
}
